// !$*UTF8*$!
{
	archiveVersion = 1;
	classes = {
	};
	objectVersion = 55;
	objects = {

/* Begin PBXBuildFile section */
		4E10EA44283843BC00074D3E /* IconService.swift in Sources */ = {isa = PBXBuildFile; fileRef = 4E10EA43283843BC00074D3E /* IconService.swift */; };
		4E1C118A283BE015009537F4 /* TimeOfDay.swift in Sources */ = {isa = PBXBuildFile; fileRef = 4E1C1189283BE015009537F4 /* TimeOfDay.swift */; };
		4E2BC2C128087E2B00018EB3 /* SettingsViewModel.swift in Sources */ = {isa = PBXBuildFile; fileRef = 4E2BC2C028087E2B00018EB3 /* SettingsViewModel.swift */; };
		4E2BC2CA280887F800018EB3 /* Bindable.swift in Sources */ = {isa = PBXBuildFile; fileRef = 4E2BC2C9280887F800018EB3 /* Bindable.swift */; };
		4E4F6C30282D40BD007BAE62 /* FakeWheather.swift in Sources */ = {isa = PBXBuildFile; fileRef = 4E4F6C2F282D40BD007BAE62 /* FakeWheather.swift */; };
		4E4F6C32282D40EB007BAE62 /* FakeCities.swift in Sources */ = {isa = PBXBuildFile; fileRef = 4E4F6C31282D40EB007BAE62 /* FakeCities.swift */; };
		4E4F6C34282D44E3007BAE62 /* URLSessionProtocol.swift in Sources */ = {isa = PBXBuildFile; fileRef = 4E4F6C33282D44E3007BAE62 /* URLSessionProtocol.swift */; };
		4E500BCC282EDDD600F2E006 /* URLSessionDataTaskProtocol.swift in Sources */ = {isa = PBXBuildFile; fileRef = 4E500BCB282EDDD600F2E006 /* URLSessionDataTaskProtocol.swift */; };
		4E500BCE282EE35600F2E006 /* FakeURLSessionWeatherOneCall.swift in Sources */ = {isa = PBXBuildFile; fileRef = 4E500BCD282EE35600F2E006 /* FakeURLSessionWeatherOneCall.swift */; };
		4E500BD0282EEB5700F2E006 /* FakeURL.swift in Sources */ = {isa = PBXBuildFile; fileRef = 4E500BCF282EEB5700F2E006 /* FakeURL.swift */; };
		4E500BD3282EED1000F2E006 /* FakeURLSessionDataTask.swift in Sources */ = {isa = PBXBuildFile; fileRef = 4E500BD2282EED1000F2E006 /* FakeURLSessionDataTask.swift */; };
		4E50766E2822CA8E001B7E04 /* WeatherViewModel.swift in Sources */ = {isa = PBXBuildFile; fileRef = 4E50766D2822CA8E001B7E04 /* WeatherViewModel.swift */; };
		4E50F7B228327AF700E8AF32 /* GetWeatherOneCallTests.swift in Sources */ = {isa = PBXBuildFile; fileRef = 4E50F7B128327AF700E8AF32 /* GetWeatherOneCallTests.swift */; };
		4E50F7B728329BC800E8AF32 /* URLsExcitesData.swift in Sources */ = {isa = PBXBuildFile; fileRef = 4E50F7B628329BC800E8AF32 /* URLsExcitesData.swift */; };
		4E50F7B92832A2C600E8AF32 /* URLsExcitesResponseError.swift in Sources */ = {isa = PBXBuildFile; fileRef = 4E50F7B82832A2C600E8AF32 /* URLsExcitesResponseError.swift */; };
		4E50F7BB2832A33B00E8AF32 /* URLsExcitesError.swift in Sources */ = {isa = PBXBuildFile; fileRef = 4E50F7BA2832A33B00E8AF32 /* URLsExcitesError.swift */; };
		4E50F7BD2832A3AB00E8AF32 /* URLsExcitesDataDecoderError.swift in Sources */ = {isa = PBXBuildFile; fileRef = 4E50F7BC2832A3AB00E8AF32 /* URLsExcitesDataDecoderError.swift */; };
		4E50F7BF2832B1D700E8AF32 /* URLsExcitesNilData.swift in Sources */ = {isa = PBXBuildFile; fileRef = 4E50F7BE2832B1D700E8AF32 /* URLsExcitesNilData.swift */; };
		4E5721782858C3EC00BE7E59 /* LocationService.swift in Sources */ = {isa = PBXBuildFile; fileRef = 4E5721772858C3EC00BE7E59 /* LocationService.swift */; };
		4E5E6D69283E7EE7005C49F1 /* Int.swift in Sources */ = {isa = PBXBuildFile; fileRef = 4E5E6D68283E7EE7005C49F1 /* Int.swift */; };
		4E662AAE28520CAC00B60C36 /* SearchBarHeader.swift in Sources */ = {isa = PBXBuildFile; fileRef = 4E662AAD28520CAC00B60C36 /* SearchBarHeader.swift */; };
		4E6801D2280725C200337997 /* SettingsViewController.swift in Sources */ = {isa = PBXBuildFile; fileRef = 4E6801D1280725C200337997 /* SettingsViewController.swift */; };
		4E6801D42807266400337997 /* SettingsView.swift in Sources */ = {isa = PBXBuildFile; fileRef = 4E6801D32807266400337997 /* SettingsView.swift */; };
		4E70199C286C61C100B61709 /* LocationProtocols.swift in Sources */ = {isa = PBXBuildFile; fileRef = 4E70199B286C61C100B61709 /* LocationProtocols.swift */; };
		4E732AFF284A713A00E15581 /* WeatherPressureAndHumidityModel.swift in Sources */ = {isa = PBXBuildFile; fileRef = 4E732AFE284A713A00E15581 /* WeatherPressureAndHumidityModel.swift */; };
		4E7C33D82805A835006EBBE6 /* AppDelegate.swift in Sources */ = {isa = PBXBuildFile; fileRef = 4E7C33D72805A835006EBBE6 /* AppDelegate.swift */; };
		4E7C33DA2805A835006EBBE6 /* SceneDelegate.swift in Sources */ = {isa = PBXBuildFile; fileRef = 4E7C33D92805A835006EBBE6 /* SceneDelegate.swift */; };
		4E7C33DC2805A835006EBBE6 /* HomeViewController.swift in Sources */ = {isa = PBXBuildFile; fileRef = 4E7C33DB2805A835006EBBE6 /* HomeViewController.swift */; };
		4E7C33E12805A838006EBBE6 /* Assets.xcassets in Resources */ = {isa = PBXBuildFile; fileRef = 4E7C33E02805A838006EBBE6 /* Assets.xcassets */; };
		4E7C33E42805A838006EBBE6 /* LaunchScreen.storyboard in Resources */ = {isa = PBXBuildFile; fileRef = 4E7C33E22805A838006EBBE6 /* LaunchScreen.storyboard */; };
		4E7C33EF2805A839006EBBE6 /* WeatherTests.swift in Sources */ = {isa = PBXBuildFile; fileRef = 4E7C33EE2805A839006EBBE6 /* WeatherTests.swift */; };
		4E7C33F92805A839006EBBE6 /* WeatherUITests.swift in Sources */ = {isa = PBXBuildFile; fileRef = 4E7C33F82805A839006EBBE6 /* WeatherUITests.swift */; };
		4E7C33FB2805A839006EBBE6 /* WeatherUITestsLaunchTests.swift in Sources */ = {isa = PBXBuildFile; fileRef = 4E7C33FA2805A839006EBBE6 /* WeatherUITestsLaunchTests.swift */; };
		4E8651DF2833B73D00B883DD /* StorageTests.swift in Sources */ = {isa = PBXBuildFile; fileRef = 4E8651DE2833B73D00B883DD /* StorageTests.swift */; };
		4E8651E12833D4A400B883DD /* SettingsTests.swift in Sources */ = {isa = PBXBuildFile; fileRef = 4E8651E02833D4A400B883DD /* SettingsTests.swift */; };
		4E8651E42834072400B883DD /* WeatherCityHeader.swift in Sources */ = {isa = PBXBuildFile; fileRef = 4E8651E32834072400B883DD /* WeatherCityHeader.swift */; };
		4E8F90862806DB16008E3BFA /* WeatherViewController.swift in Sources */ = {isa = PBXBuildFile; fileRef = 4E8F90852806DB16008E3BFA /* WeatherViewController.swift */; };
		4E8F90882806DC42008E3BFA /* WeatherView.swift in Sources */ = {isa = PBXBuildFile; fileRef = 4E8F90872806DC42008E3BFA /* WeatherView.swift */; };
		4E8F908A2806F448008E3BFA /* Settings.swift in Sources */ = {isa = PBXBuildFile; fileRef = 4E8F90892806F448008E3BFA /* Settings.swift */; };
		4E8F908C2806F63B008E3BFA /* AppKeys.swift in Sources */ = {isa = PBXBuildFile; fileRef = 4E8F908B2806F63B008E3BFA /* AppKeys.swift */; };
		4E8F908E28070863008E3BFA /* CityData.swift in Sources */ = {isa = PBXBuildFile; fileRef = 4E8F908D28070863008E3BFA /* CityData.swift */; };
		4E8F909028070C4B008E3BFA /* Unit.swift in Sources */ = {isa = PBXBuildFile; fileRef = 4E8F908F28070C4B008E3BFA /* Unit.swift */; };
		4E8F909928071452008E3BFA /* StorageService.swift in Sources */ = {isa = PBXBuildFile; fileRef = 4E8F909828071452008E3BFA /* StorageService.swift */; };
		4E8F909B28071859008E3BFA /* CompletionError.swift in Sources */ = {isa = PBXBuildFile; fileRef = 4E8F909A28071859008E3BFA /* CompletionError.swift */; };
		4E91A0492816C59200A37732 /* NetworkService.swift in Sources */ = {isa = PBXBuildFile; fileRef = 4E91A0482816C59200A37732 /* NetworkService.swift */; };
		4E91A04E2816C6AA00A37732 /* BaseRequest.swift in Sources */ = {isa = PBXBuildFile; fileRef = 4E91A04D2816C6AA00A37732 /* BaseRequest.swift */; };
		4E91A0502816C75A00A37732 /* NetworkResponseError.swift in Sources */ = {isa = PBXBuildFile; fileRef = 4E91A04F2816C75A00A37732 /* NetworkResponseError.swift */; };
		4E91A0542816C80F00A37732 /* GeocodingRequest.swift in Sources */ = {isa = PBXBuildFile; fileRef = 4E91A0532816C80F00A37732 /* GeocodingRequest.swift */; };
		4E91A0562816CD1D00A37732 /* GeocodingResponse.swift in Sources */ = {isa = PBXBuildFile; fileRef = 4E91A0552816CD1D00A37732 /* GeocodingResponse.swift */; };
		4E91A05A2816CEE200A37732 /* OneCallRequest.swift in Sources */ = {isa = PBXBuildFile; fileRef = 4E91A0592816CEE200A37732 /* OneCallRequest.swift */; };
		4E91A05D2816CF5B00A37732 /* OneCellResponse.swift in Sources */ = {isa = PBXBuildFile; fileRef = 4E91A05C2816CF5B00A37732 /* OneCellResponse.swift */; };
		4E91A05F2816CFCE00A37732 /* CurrentResponse.swift in Sources */ = {isa = PBXBuildFile; fileRef = 4E91A05E2816CFCE00A37732 /* CurrentResponse.swift */; };
		4E91A0612816CFF800A37732 /* RainResponse.swift in Sources */ = {isa = PBXBuildFile; fileRef = 4E91A0602816CFF800A37732 /* RainResponse.swift */; };
		4E91A0642816D01500A37732 /* SnowResponse.swift in Sources */ = {isa = PBXBuildFile; fileRef = 4E91A0632816D01500A37732 /* SnowResponse.swift */; };
		4E91A0672816D03A00A37732 /* WeatherResponse.swift in Sources */ = {isa = PBXBuildFile; fileRef = 4E91A0662816D03A00A37732 /* WeatherResponse.swift */; };
		4E91A0692816D05100A37732 /* MinutelyResponse.swift in Sources */ = {isa = PBXBuildFile; fileRef = 4E91A0682816D05100A37732 /* MinutelyResponse.swift */; };
		4E91A06B2816D06A00A37732 /* HourlyResponse.swift in Sources */ = {isa = PBXBuildFile; fileRef = 4E91A06A2816D06A00A37732 /* HourlyResponse.swift */; };
		4E91A06D2816D08500A37732 /* DailyResponse.swift in Sources */ = {isa = PBXBuildFile; fileRef = 4E91A06C2816D08500A37732 /* DailyResponse.swift */; };
		4E91A06F2816D09D00A37732 /* AlertsResponse.swift in Sources */ = {isa = PBXBuildFile; fileRef = 4E91A06E2816D09D00A37732 /* AlertsResponse.swift */; };
		4E91A0712816D0B600A37732 /* TempResponse.swift in Sources */ = {isa = PBXBuildFile; fileRef = 4E91A0702816D0B600A37732 /* TempResponse.swift */; };
		4E91A0732816D0CB00A37732 /* FeelsLikeResponse.swift in Sources */ = {isa = PBXBuildFile; fileRef = 4E91A0722816D0CB00A37732 /* FeelsLikeResponse.swift */; };
		4E9BDC372809A3FA007FDB7E /* CityCell.swift in Sources */ = {isa = PBXBuildFile; fileRef = 4E9BDC362809A3FA007FDB7E /* CityCell.swift */; };
		4E9BDC392809A449007FDB7E /* CityCellViewModel.swift in Sources */ = {isa = PBXBuildFile; fileRef = 4E9BDC382809A449007FDB7E /* CityCellViewModel.swift */; };
		4E9BDC3B2809A471007FDB7E /* CityCellModel.swift in Sources */ = {isa = PBXBuildFile; fileRef = 4E9BDC3A2809A471007FDB7E /* CityCellModel.swift */; };
		4E9D4C8E2849496400FA39B7 /* WeatherPressureAndHumidityCell.swift in Sources */ = {isa = PBXBuildFile; fileRef = 4E9D4C8D2849496400FA39B7 /* WeatherPressureAndHumidityCell.swift */; };
		4E9D4C9028494B7500FA39B7 /* BarometerView.swift in Sources */ = {isa = PBXBuildFile; fileRef = 4E9D4C8F28494B7500FA39B7 /* BarometerView.swift */; };
		4EA25624282463950066FEEE /* HomeViewModel.swift in Sources */ = {isa = PBXBuildFile; fileRef = 4EA25623282463950066FEEE /* HomeViewModel.swift */; };
		4EBA7CF1280B0FA30084B586 /* SettingsCell.swift in Sources */ = {isa = PBXBuildFile; fileRef = 4EBA7CF0280B0FA30084B586 /* SettingsCell.swift */; };
		4EBA7CF3280B11AE0084B586 /* SettingsCellModel.swift in Sources */ = {isa = PBXBuildFile; fileRef = 4EBA7CF2280B11AE0084B586 /* SettingsCellModel.swift */; };
		4EBA7CF5280B12290084B586 /* SettingsCellViewModel.swift in Sources */ = {isa = PBXBuildFile; fileRef = 4EBA7CF4280B12290084B586 /* SettingsCellViewModel.swift */; };
		4EBCC79D2835029500BF57A6 /* DesignConstants.swift in Sources */ = {isa = PBXBuildFile; fileRef = 4EBCC79C2835029500BF57A6 /* DesignConstants.swift */; };
		4EBCC7A2283520B700BF57A6 /* NewYork.ttf in Resources */ = {isa = PBXBuildFile; fileRef = 4EBCC7A0283520B700BF57A6 /* NewYork.ttf */; };
		4EBCC7A3283520B700BF57A6 /* NewYorkItalic.ttf in Resources */ = {isa = PBXBuildFile; fileRef = 4EBCC7A1283520B700BF57A6 /* NewYorkItalic.ttf */; };
		4EBCC7A6283532FF00BF57A6 /* WeatherCityHeaderModel.swift in Sources */ = {isa = PBXBuildFile; fileRef = 4EBCC7A5283532FF00BF57A6 /* WeatherCityHeaderModel.swift */; };
		4EBCC7A82836497400BF57A6 /* Double.swift in Sources */ = {isa = PBXBuildFile; fileRef = 4EBCC7A72836497400BF57A6 /* Double.swift */; };
		4EBCC7AB28364E4600BF57A6 /* WeatherHourlyCell.swift in Sources */ = {isa = PBXBuildFile; fileRef = 4EBCC7AA28364E4600BF57A6 /* WeatherHourlyCell.swift */; };
		4EBCC7AD28364E6300BF57A6 /* WeatherHourlyModel.swift in Sources */ = {isa = PBXBuildFile; fileRef = 4EBCC7AC28364E6300BF57A6 /* WeatherHourlyModel.swift */; };
		4EBCC7B1283682DB00BF57A6 /* TimeInterval.swift in Sources */ = {isa = PBXBuildFile; fileRef = 4EBCC7B0283682DB00BF57A6 /* TimeInterval.swift */; };
		4EBCC7B32836976000BF57A6 /* WeatherDailyModel.swift in Sources */ = {isa = PBXBuildFile; fileRef = 4EBCC7B22836976000BF57A6 /* WeatherDailyModel.swift */; };
		4EBCC7B52836976F00BF57A6 /* WeatherDailyCell.swift in Sources */ = {isa = PBXBuildFile; fileRef = 4EBCC7B42836976F00BF57A6 /* WeatherDailyCell.swift */; };
		4EBFF6EB2869F9F900C435BE /* LocationWeatherViewModel.swift in Sources */ = {isa = PBXBuildFile; fileRef = 4EBFF6EA2869F9F900C435BE /* LocationWeatherViewModel.swift */; };
		4EBFF6ED286B2DBF00C435BE /* UIViewController.swift in Sources */ = {isa = PBXBuildFile; fileRef = 4EBFF6EC286B2DBF00C435BE /* UIViewController.swift */; };
		4ED4143E283CEE8900024E17 /* Color.swift in Sources */ = {isa = PBXBuildFile; fileRef = 4ED4143D283CEE8900024E17 /* Color.swift */; };
		4ED41440283D121900024E17 /* WeatherWindCell.swift in Sources */ = {isa = PBXBuildFile; fileRef = 4ED4143F283D121900024E17 /* WeatherWindCell.swift */; };
		4ED41443283D36E700024E17 /* CompassView.swift in Sources */ = {isa = PBXBuildFile; fileRef = 4ED41442283D36E700024E17 /* CompassView.swift */; };
		4EDAF9612832DBEE00890D27 /* FakeURLSessionCoordinatesByLocationName.swift in Sources */ = {isa = PBXBuildFile; fileRef = 4EDAF9602832DBEE00890D27 /* FakeURLSessionCoordinatesByLocationName.swift */; };
		4EDAF9632832DE6100890D27 /* GetCoordinatesByLocationNameTests.swift in Sources */ = {isa = PBXBuildFile; fileRef = 4EDAF9622832DE6100890D27 /* GetCoordinatesByLocationNameTests.swift */; };
		4EE8A043283FBDD900902950 /* WeatherWindModel.swift in Sources */ = {isa = PBXBuildFile; fileRef = 4EE8A042283FBDD900902950 /* WeatherWindModel.swift */; };
		4EE8A045283FC0AC00902950 /* BeaufortScale.swift in Sources */ = {isa = PBXBuildFile; fileRef = 4EE8A044283FC0AC00902950 /* BeaufortScale.swift */; };
		4EE8A047283FD22600902950 /* WindDirection.swift in Sources */ = {isa = PBXBuildFile; fileRef = 4EE8A046283FD22600902950 /* WindDirection.swift */; };
		4EFF9EB728183664002A0FC6 /* SearchCityCell.swift in Sources */ = {isa = PBXBuildFile; fileRef = 4EFF9EB628183664002A0FC6 /* SearchCityCell.swift */; };
		4EFF9EB928183674002A0FC6 /* SearchCityCellViewModel.swift in Sources */ = {isa = PBXBuildFile; fileRef = 4EFF9EB828183674002A0FC6 /* SearchCityCellViewModel.swift */; };
		4EFF9EBB28183A0A002A0FC6 /* SearchCityCellModel.swift in Sources */ = {isa = PBXBuildFile; fileRef = 4EFF9EBA28183A0A002A0FC6 /* SearchCityCellModel.swift */; };
/* End PBXBuildFile section */

/* Begin PBXContainerItemProxy section */
		4E7C33EB2805A839006EBBE6 /* PBXContainerItemProxy */ = {
			isa = PBXContainerItemProxy;
			containerPortal = 4E7C33CC2805A835006EBBE6 /* Project object */;
			proxyType = 1;
			remoteGlobalIDString = 4E7C33D32805A835006EBBE6;
			remoteInfo = Weather;
		};
		4E7C33F52805A839006EBBE6 /* PBXContainerItemProxy */ = {
			isa = PBXContainerItemProxy;
			containerPortal = 4E7C33CC2805A835006EBBE6 /* Project object */;
			proxyType = 1;
			remoteGlobalIDString = 4E7C33D32805A835006EBBE6;
			remoteInfo = Weather;
		};
/* End PBXContainerItemProxy section */

/* Begin PBXFileReference section */
		4E10EA43283843BC00074D3E /* IconService.swift */ = {isa = PBXFileReference; lastKnownFileType = sourcecode.swift; path = IconService.swift; sourceTree = "<group>"; };
		4E1C1189283BE015009537F4 /* TimeOfDay.swift */ = {isa = PBXFileReference; lastKnownFileType = sourcecode.swift; path = TimeOfDay.swift; sourceTree = "<group>"; };
		4E2BC2C028087E2B00018EB3 /* SettingsViewModel.swift */ = {isa = PBXFileReference; lastKnownFileType = sourcecode.swift; path = SettingsViewModel.swift; sourceTree = "<group>"; };
		4E2BC2C9280887F800018EB3 /* Bindable.swift */ = {isa = PBXFileReference; lastKnownFileType = sourcecode.swift; path = Bindable.swift; sourceTree = "<group>"; };
		4E4F6C29282D3BC6007BAE62 /* Unit.xctestplan */ = {isa = PBXFileReference; lastKnownFileType = text; path = Unit.xctestplan; sourceTree = "<group>"; };
		4E4F6C2A282D3BE9007BAE62 /* UI.xctestplan */ = {isa = PBXFileReference; lastKnownFileType = text; path = UI.xctestplan; sourceTree = "<group>"; };
		4E4F6C2B282D3C24007BAE62 /* Full.xctestplan */ = {isa = PBXFileReference; lastKnownFileType = text; path = Full.xctestplan; sourceTree = "<group>"; };
		4E4F6C2F282D40BD007BAE62 /* FakeWheather.swift */ = {isa = PBXFileReference; lastKnownFileType = sourcecode.swift; path = FakeWheather.swift; sourceTree = "<group>"; };
		4E4F6C31282D40EB007BAE62 /* FakeCities.swift */ = {isa = PBXFileReference; lastKnownFileType = sourcecode.swift; path = FakeCities.swift; sourceTree = "<group>"; };
		4E4F6C33282D44E3007BAE62 /* URLSessionProtocol.swift */ = {isa = PBXFileReference; lastKnownFileType = sourcecode.swift; path = URLSessionProtocol.swift; sourceTree = "<group>"; };
		4E500BCB282EDDD600F2E006 /* URLSessionDataTaskProtocol.swift */ = {isa = PBXFileReference; lastKnownFileType = sourcecode.swift; path = URLSessionDataTaskProtocol.swift; sourceTree = "<group>"; };
		4E500BCD282EE35600F2E006 /* FakeURLSessionWeatherOneCall.swift */ = {isa = PBXFileReference; lastKnownFileType = sourcecode.swift; path = FakeURLSessionWeatherOneCall.swift; sourceTree = "<group>"; };
		4E500BCF282EEB5700F2E006 /* FakeURL.swift */ = {isa = PBXFileReference; lastKnownFileType = sourcecode.swift; path = FakeURL.swift; sourceTree = "<group>"; };
		4E500BD2282EED1000F2E006 /* FakeURLSessionDataTask.swift */ = {isa = PBXFileReference; lastKnownFileType = sourcecode.swift; path = FakeURLSessionDataTask.swift; sourceTree = "<group>"; };
		4E50766D2822CA8E001B7E04 /* WeatherViewModel.swift */ = {isa = PBXFileReference; lastKnownFileType = sourcecode.swift; path = WeatherViewModel.swift; sourceTree = "<group>"; };
		4E50F7B128327AF700E8AF32 /* GetWeatherOneCallTests.swift */ = {isa = PBXFileReference; lastKnownFileType = sourcecode.swift; path = GetWeatherOneCallTests.swift; sourceTree = "<group>"; };
		4E50F7B628329BC800E8AF32 /* URLsExcitesData.swift */ = {isa = PBXFileReference; lastKnownFileType = sourcecode.swift; path = URLsExcitesData.swift; sourceTree = "<group>"; };
		4E50F7B82832A2C600E8AF32 /* URLsExcitesResponseError.swift */ = {isa = PBXFileReference; lastKnownFileType = sourcecode.swift; path = URLsExcitesResponseError.swift; sourceTree = "<group>"; };
		4E50F7BA2832A33B00E8AF32 /* URLsExcitesError.swift */ = {isa = PBXFileReference; lastKnownFileType = sourcecode.swift; path = URLsExcitesError.swift; sourceTree = "<group>"; };
		4E50F7BC2832A3AB00E8AF32 /* URLsExcitesDataDecoderError.swift */ = {isa = PBXFileReference; lastKnownFileType = sourcecode.swift; path = URLsExcitesDataDecoderError.swift; sourceTree = "<group>"; };
		4E50F7BE2832B1D700E8AF32 /* URLsExcitesNilData.swift */ = {isa = PBXFileReference; lastKnownFileType = sourcecode.swift; path = URLsExcitesNilData.swift; sourceTree = "<group>"; };
		4E5721772858C3EC00BE7E59 /* LocationService.swift */ = {isa = PBXFileReference; lastKnownFileType = sourcecode.swift; path = LocationService.swift; sourceTree = "<group>"; };
		4E5E6D68283E7EE7005C49F1 /* Int.swift */ = {isa = PBXFileReference; lastKnownFileType = sourcecode.swift; path = Int.swift; sourceTree = "<group>"; };
		4E662AAD28520CAC00B60C36 /* SearchBarHeader.swift */ = {isa = PBXFileReference; lastKnownFileType = sourcecode.swift; path = SearchBarHeader.swift; sourceTree = "<group>"; };
		4E6801D1280725C200337997 /* SettingsViewController.swift */ = {isa = PBXFileReference; lastKnownFileType = sourcecode.swift; path = SettingsViewController.swift; sourceTree = "<group>"; };
		4E6801D32807266400337997 /* SettingsView.swift */ = {isa = PBXFileReference; lastKnownFileType = sourcecode.swift; path = SettingsView.swift; sourceTree = "<group>"; };
		4E70199B286C61C100B61709 /* LocationProtocols.swift */ = {isa = PBXFileReference; lastKnownFileType = sourcecode.swift; path = LocationProtocols.swift; sourceTree = "<group>"; };
		4E732AFE284A713A00E15581 /* WeatherPressureAndHumidityModel.swift */ = {isa = PBXFileReference; lastKnownFileType = sourcecode.swift; path = WeatherPressureAndHumidityModel.swift; sourceTree = "<group>"; };
		4E7C33D42805A835006EBBE6 /* Weather.app */ = {isa = PBXFileReference; explicitFileType = wrapper.application; includeInIndex = 0; path = Weather.app; sourceTree = BUILT_PRODUCTS_DIR; };
		4E7C33D72805A835006EBBE6 /* AppDelegate.swift */ = {isa = PBXFileReference; lastKnownFileType = sourcecode.swift; path = AppDelegate.swift; sourceTree = "<group>"; };
		4E7C33D92805A835006EBBE6 /* SceneDelegate.swift */ = {isa = PBXFileReference; lastKnownFileType = sourcecode.swift; path = SceneDelegate.swift; sourceTree = "<group>"; };
		4E7C33DB2805A835006EBBE6 /* HomeViewController.swift */ = {isa = PBXFileReference; lastKnownFileType = sourcecode.swift; path = HomeViewController.swift; sourceTree = "<group>"; };
		4E7C33E02805A838006EBBE6 /* Assets.xcassets */ = {isa = PBXFileReference; lastKnownFileType = folder.assetcatalog; path = Assets.xcassets; sourceTree = "<group>"; };
		4E7C33E32805A838006EBBE6 /* Base */ = {isa = PBXFileReference; lastKnownFileType = file.storyboard; name = Base; path = Base.lproj/LaunchScreen.storyboard; sourceTree = "<group>"; };
		4E7C33E52805A838006EBBE6 /* Info.plist */ = {isa = PBXFileReference; lastKnownFileType = text.plist.xml; path = Info.plist; sourceTree = "<group>"; };
		4E7C33EA2805A839006EBBE6 /* WeatherTests.xctest */ = {isa = PBXFileReference; explicitFileType = wrapper.cfbundle; includeInIndex = 0; path = WeatherTests.xctest; sourceTree = BUILT_PRODUCTS_DIR; };
		4E7C33EE2805A839006EBBE6 /* WeatherTests.swift */ = {isa = PBXFileReference; lastKnownFileType = sourcecode.swift; path = WeatherTests.swift; sourceTree = "<group>"; };
		4E7C33F42805A839006EBBE6 /* WeatherUITests.xctest */ = {isa = PBXFileReference; explicitFileType = wrapper.cfbundle; includeInIndex = 0; path = WeatherUITests.xctest; sourceTree = BUILT_PRODUCTS_DIR; };
		4E7C33F82805A839006EBBE6 /* WeatherUITests.swift */ = {isa = PBXFileReference; lastKnownFileType = sourcecode.swift; path = WeatherUITests.swift; sourceTree = "<group>"; };
		4E7C33FA2805A839006EBBE6 /* WeatherUITestsLaunchTests.swift */ = {isa = PBXFileReference; lastKnownFileType = sourcecode.swift; path = WeatherUITestsLaunchTests.swift; sourceTree = "<group>"; };
		4E8651DE2833B73D00B883DD /* StorageTests.swift */ = {isa = PBXFileReference; lastKnownFileType = sourcecode.swift; path = StorageTests.swift; sourceTree = "<group>"; };
		4E8651E02833D4A400B883DD /* SettingsTests.swift */ = {isa = PBXFileReference; lastKnownFileType = sourcecode.swift; path = SettingsTests.swift; sourceTree = "<group>"; };
		4E8651E32834072400B883DD /* WeatherCityHeader.swift */ = {isa = PBXFileReference; lastKnownFileType = sourcecode.swift; path = WeatherCityHeader.swift; sourceTree = "<group>"; };
		4E8F90852806DB16008E3BFA /* WeatherViewController.swift */ = {isa = PBXFileReference; lastKnownFileType = sourcecode.swift; path = WeatherViewController.swift; sourceTree = "<group>"; };
		4E8F90872806DC42008E3BFA /* WeatherView.swift */ = {isa = PBXFileReference; lastKnownFileType = sourcecode.swift; path = WeatherView.swift; sourceTree = "<group>"; };
		4E8F90892806F448008E3BFA /* Settings.swift */ = {isa = PBXFileReference; lastKnownFileType = sourcecode.swift; path = Settings.swift; sourceTree = "<group>"; };
		4E8F908B2806F63B008E3BFA /* AppKeys.swift */ = {isa = PBXFileReference; lastKnownFileType = sourcecode.swift; path = AppKeys.swift; sourceTree = "<group>"; };
		4E8F908D28070863008E3BFA /* CityData.swift */ = {isa = PBXFileReference; lastKnownFileType = sourcecode.swift; path = CityData.swift; sourceTree = "<group>"; };
		4E8F908F28070C4B008E3BFA /* Unit.swift */ = {isa = PBXFileReference; lastKnownFileType = sourcecode.swift; path = Unit.swift; sourceTree = "<group>"; };
		4E8F909828071452008E3BFA /* StorageService.swift */ = {isa = PBXFileReference; lastKnownFileType = sourcecode.swift; path = StorageService.swift; sourceTree = "<group>"; };
		4E8F909A28071859008E3BFA /* CompletionError.swift */ = {isa = PBXFileReference; lastKnownFileType = sourcecode.swift; path = CompletionError.swift; sourceTree = "<group>"; };
		4E91A0482816C59200A37732 /* NetworkService.swift */ = {isa = PBXFileReference; lastKnownFileType = sourcecode.swift; path = NetworkService.swift; sourceTree = "<group>"; };
		4E91A04D2816C6AA00A37732 /* BaseRequest.swift */ = {isa = PBXFileReference; lastKnownFileType = sourcecode.swift; path = BaseRequest.swift; sourceTree = "<group>"; };
		4E91A04F2816C75A00A37732 /* NetworkResponseError.swift */ = {isa = PBXFileReference; lastKnownFileType = sourcecode.swift; path = NetworkResponseError.swift; sourceTree = "<group>"; };
		4E91A0532816C80F00A37732 /* GeocodingRequest.swift */ = {isa = PBXFileReference; lastKnownFileType = sourcecode.swift; path = GeocodingRequest.swift; sourceTree = "<group>"; };
		4E91A0552816CD1D00A37732 /* GeocodingResponse.swift */ = {isa = PBXFileReference; lastKnownFileType = sourcecode.swift; path = GeocodingResponse.swift; sourceTree = "<group>"; };
		4E91A0592816CEE200A37732 /* OneCallRequest.swift */ = {isa = PBXFileReference; lastKnownFileType = sourcecode.swift; path = OneCallRequest.swift; sourceTree = "<group>"; };
		4E91A05C2816CF5B00A37732 /* OneCellResponse.swift */ = {isa = PBXFileReference; lastKnownFileType = sourcecode.swift; path = OneCellResponse.swift; sourceTree = "<group>"; };
		4E91A05E2816CFCE00A37732 /* CurrentResponse.swift */ = {isa = PBXFileReference; lastKnownFileType = sourcecode.swift; path = CurrentResponse.swift; sourceTree = "<group>"; };
		4E91A0602816CFF800A37732 /* RainResponse.swift */ = {isa = PBXFileReference; lastKnownFileType = sourcecode.swift; path = RainResponse.swift; sourceTree = "<group>"; };
		4E91A0632816D01500A37732 /* SnowResponse.swift */ = {isa = PBXFileReference; lastKnownFileType = sourcecode.swift; path = SnowResponse.swift; sourceTree = "<group>"; };
		4E91A0662816D03A00A37732 /* WeatherResponse.swift */ = {isa = PBXFileReference; lastKnownFileType = sourcecode.swift; path = WeatherResponse.swift; sourceTree = "<group>"; };
		4E91A0682816D05100A37732 /* MinutelyResponse.swift */ = {isa = PBXFileReference; lastKnownFileType = sourcecode.swift; path = MinutelyResponse.swift; sourceTree = "<group>"; };
		4E91A06A2816D06A00A37732 /* HourlyResponse.swift */ = {isa = PBXFileReference; lastKnownFileType = sourcecode.swift; path = HourlyResponse.swift; sourceTree = "<group>"; };
		4E91A06C2816D08500A37732 /* DailyResponse.swift */ = {isa = PBXFileReference; lastKnownFileType = sourcecode.swift; path = DailyResponse.swift; sourceTree = "<group>"; };
		4E91A06E2816D09D00A37732 /* AlertsResponse.swift */ = {isa = PBXFileReference; lastKnownFileType = sourcecode.swift; path = AlertsResponse.swift; sourceTree = "<group>"; };
		4E91A0702816D0B600A37732 /* TempResponse.swift */ = {isa = PBXFileReference; lastKnownFileType = sourcecode.swift; path = TempResponse.swift; sourceTree = "<group>"; };
		4E91A0722816D0CB00A37732 /* FeelsLikeResponse.swift */ = {isa = PBXFileReference; lastKnownFileType = sourcecode.swift; path = FeelsLikeResponse.swift; sourceTree = "<group>"; };
		4E9BDC362809A3FA007FDB7E /* CityCell.swift */ = {isa = PBXFileReference; lastKnownFileType = sourcecode.swift; path = CityCell.swift; sourceTree = "<group>"; };
		4E9BDC382809A449007FDB7E /* CityCellViewModel.swift */ = {isa = PBXFileReference; lastKnownFileType = sourcecode.swift; path = CityCellViewModel.swift; sourceTree = "<group>"; };
		4E9BDC3A2809A471007FDB7E /* CityCellModel.swift */ = {isa = PBXFileReference; lastKnownFileType = sourcecode.swift; path = CityCellModel.swift; sourceTree = "<group>"; };
		4E9D4C8D2849496400FA39B7 /* WeatherPressureAndHumidityCell.swift */ = {isa = PBXFileReference; lastKnownFileType = sourcecode.swift; path = WeatherPressureAndHumidityCell.swift; sourceTree = "<group>"; };
		4E9D4C8F28494B7500FA39B7 /* BarometerView.swift */ = {isa = PBXFileReference; lastKnownFileType = sourcecode.swift; path = BarometerView.swift; sourceTree = "<group>"; };
		4EA25623282463950066FEEE /* HomeViewModel.swift */ = {isa = PBXFileReference; lastKnownFileType = sourcecode.swift; path = HomeViewModel.swift; sourceTree = "<group>"; };
		4EBA7CF0280B0FA30084B586 /* SettingsCell.swift */ = {isa = PBXFileReference; lastKnownFileType = sourcecode.swift; path = SettingsCell.swift; sourceTree = "<group>"; };
		4EBA7CF2280B11AE0084B586 /* SettingsCellModel.swift */ = {isa = PBXFileReference; lastKnownFileType = sourcecode.swift; path = SettingsCellModel.swift; sourceTree = "<group>"; };
		4EBA7CF4280B12290084B586 /* SettingsCellViewModel.swift */ = {isa = PBXFileReference; lastKnownFileType = sourcecode.swift; path = SettingsCellViewModel.swift; sourceTree = "<group>"; };
		4EBCC79C2835029500BF57A6 /* DesignConstants.swift */ = {isa = PBXFileReference; lastKnownFileType = sourcecode.swift; path = DesignConstants.swift; sourceTree = "<group>"; };
		4EBCC7A0283520B700BF57A6 /* NewYork.ttf */ = {isa = PBXFileReference; lastKnownFileType = file; path = NewYork.ttf; sourceTree = "<group>"; };
		4EBCC7A1283520B700BF57A6 /* NewYorkItalic.ttf */ = {isa = PBXFileReference; lastKnownFileType = file; path = NewYorkItalic.ttf; sourceTree = "<group>"; };
		4EBCC7A5283532FF00BF57A6 /* WeatherCityHeaderModel.swift */ = {isa = PBXFileReference; lastKnownFileType = sourcecode.swift; path = WeatherCityHeaderModel.swift; sourceTree = "<group>"; };
		4EBCC7A72836497400BF57A6 /* Double.swift */ = {isa = PBXFileReference; lastKnownFileType = sourcecode.swift; path = Double.swift; sourceTree = "<group>"; };
		4EBCC7AA28364E4600BF57A6 /* WeatherHourlyCell.swift */ = {isa = PBXFileReference; lastKnownFileType = sourcecode.swift; path = WeatherHourlyCell.swift; sourceTree = "<group>"; };
		4EBCC7AC28364E6300BF57A6 /* WeatherHourlyModel.swift */ = {isa = PBXFileReference; lastKnownFileType = sourcecode.swift; path = WeatherHourlyModel.swift; sourceTree = "<group>"; };
		4EBCC7B0283682DB00BF57A6 /* TimeInterval.swift */ = {isa = PBXFileReference; lastKnownFileType = sourcecode.swift; path = TimeInterval.swift; sourceTree = "<group>"; };
		4EBCC7B22836976000BF57A6 /* WeatherDailyModel.swift */ = {isa = PBXFileReference; lastKnownFileType = sourcecode.swift; path = WeatherDailyModel.swift; sourceTree = "<group>"; };
		4EBCC7B42836976F00BF57A6 /* WeatherDailyCell.swift */ = {isa = PBXFileReference; lastKnownFileType = sourcecode.swift; path = WeatherDailyCell.swift; sourceTree = "<group>"; };
		4EBFF6EA2869F9F900C435BE /* LocationWeatherViewModel.swift */ = {isa = PBXFileReference; lastKnownFileType = sourcecode.swift; path = LocationWeatherViewModel.swift; sourceTree = "<group>"; };
		4EBFF6EC286B2DBF00C435BE /* UIViewController.swift */ = {isa = PBXFileReference; lastKnownFileType = sourcecode.swift; path = UIViewController.swift; sourceTree = "<group>"; };
		4ED4143D283CEE8900024E17 /* Color.swift */ = {isa = PBXFileReference; lastKnownFileType = sourcecode.swift; path = Color.swift; sourceTree = "<group>"; };
		4ED4143F283D121900024E17 /* WeatherWindCell.swift */ = {isa = PBXFileReference; lastKnownFileType = sourcecode.swift; path = WeatherWindCell.swift; sourceTree = "<group>"; };
		4ED41442283D36E700024E17 /* CompassView.swift */ = {isa = PBXFileReference; lastKnownFileType = sourcecode.swift; path = CompassView.swift; sourceTree = "<group>"; };
		4EDAF9602832DBEE00890D27 /* FakeURLSessionCoordinatesByLocationName.swift */ = {isa = PBXFileReference; lastKnownFileType = sourcecode.swift; path = FakeURLSessionCoordinatesByLocationName.swift; sourceTree = "<group>"; };
		4EDAF9622832DE6100890D27 /* GetCoordinatesByLocationNameTests.swift */ = {isa = PBXFileReference; lastKnownFileType = sourcecode.swift; path = GetCoordinatesByLocationNameTests.swift; sourceTree = "<group>"; };
		4EE8A042283FBDD900902950 /* WeatherWindModel.swift */ = {isa = PBXFileReference; lastKnownFileType = sourcecode.swift; path = WeatherWindModel.swift; sourceTree = "<group>"; };
		4EE8A044283FC0AC00902950 /* BeaufortScale.swift */ = {isa = PBXFileReference; lastKnownFileType = sourcecode.swift; path = BeaufortScale.swift; sourceTree = "<group>"; };
		4EE8A046283FD22600902950 /* WindDirection.swift */ = {isa = PBXFileReference; lastKnownFileType = sourcecode.swift; path = WindDirection.swift; sourceTree = "<group>"; };
		4EFF9EB628183664002A0FC6 /* SearchCityCell.swift */ = {isa = PBXFileReference; lastKnownFileType = sourcecode.swift; path = SearchCityCell.swift; sourceTree = "<group>"; };
		4EFF9EB828183674002A0FC6 /* SearchCityCellViewModel.swift */ = {isa = PBXFileReference; lastKnownFileType = sourcecode.swift; path = SearchCityCellViewModel.swift; sourceTree = "<group>"; };
		4EFF9EBA28183A0A002A0FC6 /* SearchCityCellModel.swift */ = {isa = PBXFileReference; lastKnownFileType = sourcecode.swift; path = SearchCityCellModel.swift; sourceTree = "<group>"; };
/* End PBXFileReference section */

/* Begin PBXFrameworksBuildPhase section */
		4E7C33D12805A835006EBBE6 /* Frameworks */ = {
			isa = PBXFrameworksBuildPhase;
			buildActionMask = 2147483647;
			files = (
			);
			runOnlyForDeploymentPostprocessing = 0;
		};
		4E7C33E72805A839006EBBE6 /* Frameworks */ = {
			isa = PBXFrameworksBuildPhase;
			buildActionMask = 2147483647;
			files = (
			);
			runOnlyForDeploymentPostprocessing = 0;
		};
		4E7C33F12805A839006EBBE6 /* Frameworks */ = {
			isa = PBXFrameworksBuildPhase;
			buildActionMask = 2147483647;
			files = (
			);
			runOnlyForDeploymentPostprocessing = 0;
		};
/* End PBXFrameworksBuildPhase section */

/* Begin PBXGroup section */
		4E10EA422838437500074D3E /* Icons */ = {
			isa = PBXGroup;
			children = (
				4E10EA43283843BC00074D3E /* IconService.swift */,
			);
			path = Icons;
			sourceTree = "<group>";
		};
		4E2BC2C72808878000018EB3 /* Resources */ = {
			isa = PBXGroup;
			children = (
				4EBCC79E283520B700BF57A6 /* Fonts */,
				4E7C33E02805A838006EBBE6 /* Assets.xcassets */,
				4E7C33E22805A838006EBBE6 /* LaunchScreen.storyboard */,
			);
			path = Resources;
			sourceTree = "<group>";
		};
		4E2BC2C8280887AD00018EB3 /* Core */ = {
			isa = PBXGroup;
			children = (
				4ED41441283D36A900024E17 /* CustomView */,
				4EBCC7A928364D3800BF57A6 /* Extentions */,
				4EFE3C762843F88900E9C9EA /* Helpers */,
			);
			path = Core;
			sourceTree = "<group>";
		};
		4E4F6C28282D3AD6007BAE62 /* WeatherTestPlans */ = {
			isa = PBXGroup;
			children = (
				4E4F6C2B282D3C24007BAE62 /* Full.xctestplan */,
				4E4F6C29282D3BC6007BAE62 /* Unit.xctestplan */,
				4E4F6C2A282D3BE9007BAE62 /* UI.xctestplan */,
			);
			path = WeatherTestPlans;
			sourceTree = "<group>";
		};
		4E4F6C2C282D4034007BAE62 /* Services */ = {
			isa = PBXGroup;
			children = (
				4E4F6C2D282D404F007BAE62 /* Network */,
				4E8651DC2833B69200B883DD /* Storage */,
			);
			path = Services;
			sourceTree = "<group>";
		};
		4E4F6C2D282D404F007BAE62 /* Network */ = {
			isa = PBXGroup;
			children = (
				4E4F6C2E282D405A007BAE62 /* Mock */,
				4E50F7B128327AF700E8AF32 /* GetWeatherOneCallTests.swift */,
				4EDAF9622832DE6100890D27 /* GetCoordinatesByLocationNameTests.swift */,
			);
			path = Network;
			sourceTree = "<group>";
		};
		4E4F6C2E282D405A007BAE62 /* Mock */ = {
			isa = PBXGroup;
			children = (
				4E50F7B428329B8900E8AF32 /* URLSession */,
				4E50F7B528329B9D00E8AF32 /* URL */,
				4E50F7B328329B7C00E8AF32 /* Data */,
			);
			path = Mock;
			sourceTree = "<group>";
		};
		4E50F7B328329B7C00E8AF32 /* Data */ = {
			isa = PBXGroup;
			children = (
				4E4F6C2F282D40BD007BAE62 /* FakeWheather.swift */,
				4E4F6C31282D40EB007BAE62 /* FakeCities.swift */,
			);
			path = Data;
			sourceTree = "<group>";
		};
		4E50F7B428329B8900E8AF32 /* URLSession */ = {
			isa = PBXGroup;
			children = (
				4E500BCD282EE35600F2E006 /* FakeURLSessionWeatherOneCall.swift */,
				4EDAF9602832DBEE00890D27 /* FakeURLSessionCoordinatesByLocationName.swift */,
				4E500BD2282EED1000F2E006 /* FakeURLSessionDataTask.swift */,
			);
			path = URLSession;
			sourceTree = "<group>";
		};
		4E50F7B528329B9D00E8AF32 /* URL */ = {
			isa = PBXGroup;
			children = (
				4E500BCF282EEB5700F2E006 /* FakeURL.swift */,
				4E50F7B628329BC800E8AF32 /* URLsExcitesData.swift */,
				4E50F7B82832A2C600E8AF32 /* URLsExcitesResponseError.swift */,
				4E50F7BA2832A33B00E8AF32 /* URLsExcitesError.swift */,
				4E50F7BC2832A3AB00E8AF32 /* URLsExcitesDataDecoderError.swift */,
				4E50F7BE2832B1D700E8AF32 /* URLsExcitesNilData.swift */,
			);
			path = URL;
			sourceTree = "<group>";
		};
		4E5721762858C3A100BE7E59 /* Location */ = {
			isa = PBXGroup;
			children = (
				4E5721772858C3EC00BE7E59 /* LocationService.swift */,
				4E70199B286C61C100B61709 /* LocationProtocols.swift */,
			);
			path = Location;
			sourceTree = "<group>";
		};
		4E6801CC2807257100337997 /* SettingsFlow */ = {
			isa = PBXGroup;
			children = (
				4EA56B352836F483003105FE /* View */,
				4EA56B342836F47B003105FE /* ViewModel */,
			);
			path = SettingsFlow;
			sourceTree = "<group>";
		};
		4E6801CF280725A600337997 /* Cells */ = {
			isa = PBXGroup;
			children = (
				4EBA7CEE280B0F560084B586 /* CityCell */,
				4E91A0742816D3C600A37732 /* SearchCityCell */,
				4EBA7CEF280B0F740084B586 /* SettingsCell */,
			);
			path = Cells;
			sourceTree = "<group>";
		};
		4E6801D528072F6500337997 /* HomeFlow */ = {
			isa = PBXGroup;
			children = (
				4EA56B312836F402003105FE /* View */,
				4EA56B302836F3EF003105FE /* ViewModel */,
			);
			path = HomeFlow;
			sourceTree = "<group>";
		};
		4E6801D628072F8000337997 /* PageFlow */ = {
			isa = PBXGroup;
			children = (
				4EBCC7A4283532E100BF57A6 /* Models */,
				4EA56B322836F423003105FE /* View */,
				4EA56B332836F42D003105FE /* ViewModel */,
			);
			path = PageFlow;
			sourceTree = "<group>";
		};
		4E7C33CB2805A835006EBBE6 = {
			isa = PBXGroup;
			children = (
				4E7C33D62805A835006EBBE6 /* Weather */,
				4E4F6C28282D3AD6007BAE62 /* WeatherTestPlans */,
				4E7C33ED2805A839006EBBE6 /* WeatherTests */,
				4E7C33F72805A839006EBBE6 /* WeatherUITests */,
				4E7C33D52805A835006EBBE6 /* Products */,
			);
			sourceTree = "<group>";
		};
		4E7C33D52805A835006EBBE6 /* Products */ = {
			isa = PBXGroup;
			children = (
				4E7C33D42805A835006EBBE6 /* Weather.app */,
				4E7C33EA2805A839006EBBE6 /* WeatherTests.xctest */,
				4E7C33F42805A839006EBBE6 /* WeatherUITests.xctest */,
			);
			name = Products;
			sourceTree = "<group>";
		};
		4E7C33D62805A835006EBBE6 /* Weather */ = {
			isa = PBXGroup;
			children = (
				4E8F909228070DF5008E3BFA /* App */,
				4E8F909428070E7D008E3BFA /* Security */,
				4E2BC2C72808878000018EB3 /* Resources */,
				4E7C33E52805A838006EBBE6 /* Info.plist */,
			);
			path = Weather;
			sourceTree = "<group>";
		};
		4E7C33ED2805A839006EBBE6 /* WeatherTests */ = {
			isa = PBXGroup;
			children = (
				4E4F6C2C282D4034007BAE62 /* Services */,
				4E8651E02833D4A400B883DD /* SettingsTests.swift */,
				4E7C33EE2805A839006EBBE6 /* WeatherTests.swift */,
			);
			path = WeatherTests;
			sourceTree = "<group>";
		};
		4E7C33F72805A839006EBBE6 /* WeatherUITests */ = {
			isa = PBXGroup;
			children = (
				4E7C33F82805A839006EBBE6 /* WeatherUITests.swift */,
				4E7C33FA2805A839006EBBE6 /* WeatherUITestsLaunchTests.swift */,
			);
			path = WeatherUITests;
			sourceTree = "<group>";
		};
		4E8651DC2833B69200B883DD /* Storage */ = {
			isa = PBXGroup;
			children = (
				4E8651DE2833B73D00B883DD /* StorageTests.swift */,
			);
			path = Storage;
			sourceTree = "<group>";
		};
		4E8651E22834024300B883DD /* Cells */ = {
			isa = PBXGroup;
			children = (
				4E8651E32834072400B883DD /* WeatherCityHeader.swift */,
				4EBCC7AA28364E4600BF57A6 /* WeatherHourlyCell.swift */,
				4EBCC7B42836976F00BF57A6 /* WeatherDailyCell.swift */,
				4ED4143F283D121900024E17 /* WeatherWindCell.swift */,
				4E9D4C8D2849496400FA39B7 /* WeatherPressureAndHumidityCell.swift */,
			);
			path = Cells;
			sourceTree = "<group>";
		};
		4E8F909128070DE6008E3BFA /* Flows */ = {
			isa = PBXGroup;
			children = (
				4E6801D528072F6500337997 /* HomeFlow */,
				4E6801D628072F8000337997 /* PageFlow */,
				4E6801CC2807257100337997 /* SettingsFlow */,
			);
			path = Flows;
			sourceTree = "<group>";
		};
		4E8F909228070DF5008E3BFA /* App */ = {
			isa = PBXGroup;
			children = (
				4E2BC2C8280887AD00018EB3 /* Core */,
				4E8F9095280713B5008E3BFA /* Services */,
				4E8F909328070E38008E3BFA /* Entities */,
				4E8F909128070DE6008E3BFA /* Flows */,
				4E7C33D72805A835006EBBE6 /* AppDelegate.swift */,
				4E7C33D92805A835006EBBE6 /* SceneDelegate.swift */,
			);
			path = App;
			sourceTree = "<group>";
		};
		4E8F909328070E38008E3BFA /* Entities */ = {
			isa = PBXGroup;
			children = (
				4E8F90892806F448008E3BFA /* Settings.swift */,
				4E8F908D28070863008E3BFA /* CityData.swift */,
				4E8F908F28070C4B008E3BFA /* Unit.swift */,
				4E8F909A28071859008E3BFA /* CompletionError.swift */,
			);
			path = Entities;
			sourceTree = "<group>";
		};
		4E8F909428070E7D008E3BFA /* Security */ = {
			isa = PBXGroup;
			children = (
				4E8F908B2806F63B008E3BFA /* AppKeys.swift */,
			);
			path = Security;
			sourceTree = "<group>";
		};
		4E8F9095280713B5008E3BFA /* Services */ = {
			isa = PBXGroup;
			children = (
				4E8F9096280713C5008E3BFA /* Network */,
				4E8F9097280713D2008E3BFA /* Storage */,
				4E5721762858C3A100BE7E59 /* Location */,
				4E10EA422838437500074D3E /* Icons */,
			);
			path = Services;
			sourceTree = "<group>";
		};
		4E8F9096280713C5008E3BFA /* Network */ = {
			isa = PBXGroup;
			children = (
				4E91A0482816C59200A37732 /* NetworkService.swift */,
				4E91A04F2816C75A00A37732 /* NetworkResponseError.swift */,
				4E91A04C2816C66500A37732 /* Protocols */,
				4E91A04A2816C60A00A37732 /* Geocoding API */,
				4E91A04B2816C61B00A37732 /* OneCall API */,
			);
			path = Network;
			sourceTree = "<group>";
		};
		4E8F9097280713D2008E3BFA /* Storage */ = {
			isa = PBXGroup;
			children = (
				4E8F909828071452008E3BFA /* StorageService.swift */,
			);
			path = Storage;
			sourceTree = "<group>";
		};
		4E91A04A2816C60A00A37732 /* Geocoding API */ = {
			isa = PBXGroup;
			children = (
				4E91A0512816C78800A37732 /* Request */,
				4E91A0522816C78D00A37732 /* Response */,
			);
			path = "Geocoding API";
			sourceTree = "<group>";
		};
		4E91A04B2816C61B00A37732 /* OneCall API */ = {
			isa = PBXGroup;
			children = (
				4E91A0572816CE9600A37732 /* Request */,
				4E91A0582816CEA100A37732 /* Response */,
			);
			path = "OneCall API";
			sourceTree = "<group>";
		};
		4E91A04C2816C66500A37732 /* Protocols */ = {
			isa = PBXGroup;
			children = (
				4E91A04D2816C6AA00A37732 /* BaseRequest.swift */,
				4E4F6C33282D44E3007BAE62 /* URLSessionProtocol.swift */,
				4E500BCB282EDDD600F2E006 /* URLSessionDataTaskProtocol.swift */,
			);
			path = Protocols;
			sourceTree = "<group>";
		};
		4E91A0512816C78800A37732 /* Request */ = {
			isa = PBXGroup;
			children = (
				4E91A0532816C80F00A37732 /* GeocodingRequest.swift */,
			);
			path = Request;
			sourceTree = "<group>";
		};
		4E91A0522816C78D00A37732 /* Response */ = {
			isa = PBXGroup;
			children = (
				4E91A0552816CD1D00A37732 /* GeocodingResponse.swift */,
			);
			path = Response;
			sourceTree = "<group>";
		};
		4E91A0572816CE9600A37732 /* Request */ = {
			isa = PBXGroup;
			children = (
				4E91A0592816CEE200A37732 /* OneCallRequest.swift */,
			);
			path = Request;
			sourceTree = "<group>";
		};
		4E91A0582816CEA100A37732 /* Response */ = {
			isa = PBXGroup;
			children = (
				4E91A05C2816CF5B00A37732 /* OneCellResponse.swift */,
				4E91A05E2816CFCE00A37732 /* CurrentResponse.swift */,
				4E91A0602816CFF800A37732 /* RainResponse.swift */,
				4E91A0632816D01500A37732 /* SnowResponse.swift */,
				4E91A0662816D03A00A37732 /* WeatherResponse.swift */,
				4E91A0682816D05100A37732 /* MinutelyResponse.swift */,
				4E91A06A2816D06A00A37732 /* HourlyResponse.swift */,
				4E91A06C2816D08500A37732 /* DailyResponse.swift */,
				4E91A06E2816D09D00A37732 /* AlertsResponse.swift */,
				4E91A0702816D0B600A37732 /* TempResponse.swift */,
				4E91A0722816D0CB00A37732 /* FeelsLikeResponse.swift */,
			);
			path = Response;
			sourceTree = "<group>";
		};
		4E91A0742816D3C600A37732 /* SearchCityCell */ = {
			isa = PBXGroup;
			children = (
				4E662AAD28520CAC00B60C36 /* SearchBarHeader.swift */,
				4EFF9EBA28183A0A002A0FC6 /* SearchCityCellModel.swift */,
				4EFF9EB828183674002A0FC6 /* SearchCityCellViewModel.swift */,
				4EFF9EB628183664002A0FC6 /* SearchCityCell.swift */,
			);
			path = SearchCityCell;
			sourceTree = "<group>";
		};
		4EA56B302836F3EF003105FE /* ViewModel */ = {
			isa = PBXGroup;
			children = (
				4EA25623282463950066FEEE /* HomeViewModel.swift */,
			);
			path = ViewModel;
			sourceTree = "<group>";
		};
		4EA56B312836F402003105FE /* View */ = {
			isa = PBXGroup;
			children = (
				4E7C33DB2805A835006EBBE6 /* HomeViewController.swift */,
			);
			path = View;
			sourceTree = "<group>";
		};
		4EA56B322836F423003105FE /* View */ = {
			isa = PBXGroup;
			children = (
				4E8651E22834024300B883DD /* Cells */,
				4E8F90852806DB16008E3BFA /* WeatherViewController.swift */,
				4E8F90872806DC42008E3BFA /* WeatherView.swift */,
			);
			path = View;
			sourceTree = "<group>";
		};
		4EA56B332836F42D003105FE /* ViewModel */ = {
			isa = PBXGroup;
			children = (
				4EBFF6E82869F8F900C435BE /* ForList */,
				4EBFF6E92869F92200C435BE /* ForLocation */,
			);
			path = ViewModel;
			sourceTree = "<group>";
		};
		4EA56B342836F47B003105FE /* ViewModel */ = {
			isa = PBXGroup;
			children = (
				4E2BC2C028087E2B00018EB3 /* SettingsViewModel.swift */,
			);
			path = ViewModel;
			sourceTree = "<group>";
		};
		4EA56B352836F483003105FE /* View */ = {
			isa = PBXGroup;
			children = (
				4E6801CF280725A600337997 /* Cells */,
				4E6801D1280725C200337997 /* SettingsViewController.swift */,
				4E6801D32807266400337997 /* SettingsView.swift */,
			);
			path = View;
			sourceTree = "<group>";
		};
		4EBA7CEE280B0F560084B586 /* CityCell */ = {
			isa = PBXGroup;
			children = (
				4E9BDC3A2809A471007FDB7E /* CityCellModel.swift */,
				4E9BDC382809A449007FDB7E /* CityCellViewModel.swift */,
				4E9BDC362809A3FA007FDB7E /* CityCell.swift */,
			);
			path = CityCell;
			sourceTree = "<group>";
		};
		4EBA7CEF280B0F740084B586 /* SettingsCell */ = {
			isa = PBXGroup;
			children = (
				4EBA7CF2280B11AE0084B586 /* SettingsCellModel.swift */,
				4EBA7CF4280B12290084B586 /* SettingsCellViewModel.swift */,
				4EBA7CF0280B0FA30084B586 /* SettingsCell.swift */,
			);
			path = SettingsCell;
			sourceTree = "<group>";
		};
		4EBCC79E283520B700BF57A6 /* Fonts */ = {
			isa = PBXGroup;
			children = (
				4EBCC79F283520B700BF57A6 /* NewYork */,
			);
			path = Fonts;
			sourceTree = "<group>";
		};
		4EBCC79F283520B700BF57A6 /* NewYork */ = {
			isa = PBXGroup;
			children = (
				4EBCC7A0283520B700BF57A6 /* NewYork.ttf */,
				4EBCC7A1283520B700BF57A6 /* NewYorkItalic.ttf */,
			);
			path = NewYork;
			sourceTree = "<group>";
		};
		4EBCC7A4283532E100BF57A6 /* Models */ = {
			isa = PBXGroup;
			children = (
				4EBCC7A5283532FF00BF57A6 /* WeatherCityHeaderModel.swift */,
				4EBCC7AC28364E6300BF57A6 /* WeatherHourlyModel.swift */,
				4EBCC7B22836976000BF57A6 /* WeatherDailyModel.swift */,
				4EE8A042283FBDD900902950 /* WeatherWindModel.swift */,
				4E732AFE284A713A00E15581 /* WeatherPressureAndHumidityModel.swift */,
			);
			path = Models;
			sourceTree = "<group>";
		};
		4EBCC7A928364D3800BF57A6 /* Extentions */ = {
			isa = PBXGroup;
			children = (
				4EBCC7B0283682DB00BF57A6 /* TimeInterval.swift */,
				4E5E6D68283E7EE7005C49F1 /* Int.swift */,
				4EBCC7A72836497400BF57A6 /* Double.swift */,
				4ED4143D283CEE8900024E17 /* Color.swift */,
				4EBFF6EC286B2DBF00C435BE /* UIViewController.swift */,
			);
			path = Extentions;
			sourceTree = "<group>";
		};
		4EBFF6E82869F8F900C435BE /* ForList */ = {
			isa = PBXGroup;
			children = (
				4E50766D2822CA8E001B7E04 /* WeatherViewModel.swift */,
			);
			path = ForList;
			sourceTree = "<group>";
		};
		4EBFF6E92869F92200C435BE /* ForLocation */ = {
			isa = PBXGroup;
			children = (
				4EBFF6EA2869F9F900C435BE /* LocationWeatherViewModel.swift */,
			);
			path = ForLocation;
			sourceTree = "<group>";
		};
		4ED41441283D36A900024E17 /* CustomView */ = {
			isa = PBXGroup;
			children = (
				4ED41442283D36E700024E17 /* CompassView.swift */,
				4E9D4C8F28494B7500FA39B7 /* BarometerView.swift */,
			);
			path = CustomView;
			sourceTree = "<group>";
		};
		4EFE3C762843F88900E9C9EA /* Helpers */ = {
			isa = PBXGroup;
			children = (
				4E2BC2C9280887F800018EB3 /* Bindable.swift */,
				4EBCC79C2835029500BF57A6 /* DesignConstants.swift */,
				4E1C1189283BE015009537F4 /* TimeOfDay.swift */,
				4EE8A044283FC0AC00902950 /* BeaufortScale.swift */,
				4EE8A046283FD22600902950 /* WindDirection.swift */,
			);
			path = Helpers;
			sourceTree = "<group>";
		};
/* End PBXGroup section */

/* Begin PBXNativeTarget section */
		4E7C33D32805A835006EBBE6 /* Weather */ = {
			isa = PBXNativeTarget;
			buildConfigurationList = 4E7C33FE2805A839006EBBE6 /* Build configuration list for PBXNativeTarget "Weather" */;
			buildPhases = (
				4E7C33D02805A835006EBBE6 /* Sources */,
				4E7C33D12805A835006EBBE6 /* Frameworks */,
				4E7C33D22805A835006EBBE6 /* Resources */,
			);
			buildRules = (
			);
			dependencies = (
			);
			name = Weather;
			productName = Weather;
			productReference = 4E7C33D42805A835006EBBE6 /* Weather.app */;
			productType = "com.apple.product-type.application";
		};
		4E7C33E92805A839006EBBE6 /* WeatherTests */ = {
			isa = PBXNativeTarget;
			buildConfigurationList = 4E7C34012805A839006EBBE6 /* Build configuration list for PBXNativeTarget "WeatherTests" */;
			buildPhases = (
				4E7C33E62805A839006EBBE6 /* Sources */,
				4E7C33E72805A839006EBBE6 /* Frameworks */,
				4E7C33E82805A839006EBBE6 /* Resources */,
			);
			buildRules = (
			);
			dependencies = (
				4E7C33EC2805A839006EBBE6 /* PBXTargetDependency */,
			);
			name = WeatherTests;
			productName = WeatherTests;
			productReference = 4E7C33EA2805A839006EBBE6 /* WeatherTests.xctest */;
			productType = "com.apple.product-type.bundle.unit-test";
		};
		4E7C33F32805A839006EBBE6 /* WeatherUITests */ = {
			isa = PBXNativeTarget;
			buildConfigurationList = 4E7C34042805A839006EBBE6 /* Build configuration list for PBXNativeTarget "WeatherUITests" */;
			buildPhases = (
				4E7C33F02805A839006EBBE6 /* Sources */,
				4E7C33F12805A839006EBBE6 /* Frameworks */,
				4E7C33F22805A839006EBBE6 /* Resources */,
			);
			buildRules = (
			);
			dependencies = (
				4E7C33F62805A839006EBBE6 /* PBXTargetDependency */,
			);
			name = WeatherUITests;
			productName = WeatherUITests;
			productReference = 4E7C33F42805A839006EBBE6 /* WeatherUITests.xctest */;
			productType = "com.apple.product-type.bundle.ui-testing";
		};
/* End PBXNativeTarget section */

/* Begin PBXProject section */
		4E7C33CC2805A835006EBBE6 /* Project object */ = {
			isa = PBXProject;
			attributes = {
				BuildIndependentTargetsInParallel = 1;
				LastSwiftUpdateCheck = 1320;
				LastUpgradeCheck = 1320;
				TargetAttributes = {
					4E7C33D32805A835006EBBE6 = {
						CreatedOnToolsVersion = 13.2;
					};
					4E7C33E92805A839006EBBE6 = {
						CreatedOnToolsVersion = 13.2;
						TestTargetID = 4E7C33D32805A835006EBBE6;
					};
					4E7C33F32805A839006EBBE6 = {
						CreatedOnToolsVersion = 13.2;
						TestTargetID = 4E7C33D32805A835006EBBE6;
					};
				};
			};
			buildConfigurationList = 4E7C33CF2805A835006EBBE6 /* Build configuration list for PBXProject "Weather" */;
			compatibilityVersion = "Xcode 13.0";
			developmentRegion = en;
			hasScannedForEncodings = 0;
			knownRegions = (
				en,
				Base,
			);
			mainGroup = 4E7C33CB2805A835006EBBE6;
			productRefGroup = 4E7C33D52805A835006EBBE6 /* Products */;
			projectDirPath = "";
			projectRoot = "";
			targets = (
				4E7C33D32805A835006EBBE6 /* Weather */,
				4E7C33E92805A839006EBBE6 /* WeatherTests */,
				4E7C33F32805A839006EBBE6 /* WeatherUITests */,
			);
		};
/* End PBXProject section */

/* Begin PBXResourcesBuildPhase section */
		4E7C33D22805A835006EBBE6 /* Resources */ = {
			isa = PBXResourcesBuildPhase;
			buildActionMask = 2147483647;
			files = (
				4EBCC7A2283520B700BF57A6 /* NewYork.ttf in Resources */,
				4E7C33E42805A838006EBBE6 /* LaunchScreen.storyboard in Resources */,
				4EBCC7A3283520B700BF57A6 /* NewYorkItalic.ttf in Resources */,
				4E7C33E12805A838006EBBE6 /* Assets.xcassets in Resources */,
			);
			runOnlyForDeploymentPostprocessing = 0;
		};
		4E7C33E82805A839006EBBE6 /* Resources */ = {
			isa = PBXResourcesBuildPhase;
			buildActionMask = 2147483647;
			files = (
			);
			runOnlyForDeploymentPostprocessing = 0;
		};
		4E7C33F22805A839006EBBE6 /* Resources */ = {
			isa = PBXResourcesBuildPhase;
			buildActionMask = 2147483647;
			files = (
			);
			runOnlyForDeploymentPostprocessing = 0;
		};
/* End PBXResourcesBuildPhase section */

/* Begin PBXSourcesBuildPhase section */
		4E7C33D02805A835006EBBE6 /* Sources */ = {
			isa = PBXSourcesBuildPhase;
			buildActionMask = 2147483647;
			files = (
				4EE8A045283FC0AC00902950 /* BeaufortScale.swift in Sources */,
				4EBCC7B1283682DB00BF57A6 /* TimeInterval.swift in Sources */,
				4E8F909928071452008E3BFA /* StorageService.swift in Sources */,
				4E91A0542816C80F00A37732 /* GeocodingRequest.swift in Sources */,
				4EBCC79D2835029500BF57A6 /* DesignConstants.swift in Sources */,
				4EBCC7B52836976F00BF57A6 /* WeatherDailyCell.swift in Sources */,
				4E8F908A2806F448008E3BFA /* Settings.swift in Sources */,
				4EA25624282463950066FEEE /* HomeViewModel.swift in Sources */,
				4EBCC7AB28364E4600BF57A6 /* WeatherHourlyCell.swift in Sources */,
				4E10EA44283843BC00074D3E /* IconService.swift in Sources */,
				4E1C118A283BE015009537F4 /* TimeOfDay.swift in Sources */,
				4EFF9EB928183674002A0FC6 /* SearchCityCellViewModel.swift in Sources */,
				4ED41443283D36E700024E17 /* CompassView.swift in Sources */,
				4ED4143E283CEE8900024E17 /* Color.swift in Sources */,
				4EBFF6ED286B2DBF00C435BE /* UIViewController.swift in Sources */,
				4E8F90882806DC42008E3BFA /* WeatherView.swift in Sources */,
				4E91A0642816D01500A37732 /* SnowResponse.swift in Sources */,
				4E91A0732816D0CB00A37732 /* FeelsLikeResponse.swift in Sources */,
				4E8F909B28071859008E3BFA /* CompletionError.swift in Sources */,
				4E9D4C9028494B7500FA39B7 /* BarometerView.swift in Sources */,
				4E70199C286C61C100B61709 /* LocationProtocols.swift in Sources */,
				4E91A05A2816CEE200A37732 /* OneCallRequest.swift in Sources */,
				4EE8A043283FBDD900902950 /* WeatherWindModel.swift in Sources */,
				4E91A0612816CFF800A37732 /* RainResponse.swift in Sources */,
				4EFF9EBB28183A0A002A0FC6 /* SearchCityCellModel.swift in Sources */,
				4E9BDC392809A449007FDB7E /* CityCellViewModel.swift in Sources */,
				4E9BDC3B2809A471007FDB7E /* CityCellModel.swift in Sources */,
				4E8F908C2806F63B008E3BFA /* AppKeys.swift in Sources */,
				4ED41440283D121900024E17 /* WeatherWindCell.swift in Sources */,
				4E91A0712816D0B600A37732 /* TempResponse.swift in Sources */,
				4E4F6C34282D44E3007BAE62 /* URLSessionProtocol.swift in Sources */,
				4EFF9EB728183664002A0FC6 /* SearchCityCell.swift in Sources */,
				4E9D4C8E2849496400FA39B7 /* WeatherPressureAndHumidityCell.swift in Sources */,
				4E5E6D69283E7EE7005C49F1 /* Int.swift in Sources */,
				4E8651E42834072400B883DD /* WeatherCityHeader.swift in Sources */,
				4E91A0562816CD1D00A37732 /* GeocodingResponse.swift in Sources */,
				4E9BDC372809A3FA007FDB7E /* CityCell.swift in Sources */,
				4E732AFF284A713A00E15581 /* WeatherPressureAndHumidityModel.swift in Sources */,
				4EBA7CF3280B11AE0084B586 /* SettingsCellModel.swift in Sources */,
				4E91A06D2816D08500A37732 /* DailyResponse.swift in Sources */,
				4E91A05F2816CFCE00A37732 /* CurrentResponse.swift in Sources */,
				4E91A05D2816CF5B00A37732 /* OneCellResponse.swift in Sources */,
				4E91A04E2816C6AA00A37732 /* BaseRequest.swift in Sources */,
				4E91A0492816C59200A37732 /* NetworkService.swift in Sources */,
				4E2BC2CA280887F800018EB3 /* Bindable.swift in Sources */,
				4E8F909028070C4B008E3BFA /* Unit.swift in Sources */,
				4EBCC7A82836497400BF57A6 /* Double.swift in Sources */,
				4E91A06B2816D06A00A37732 /* HourlyResponse.swift in Sources */,
				4E500BCC282EDDD600F2E006 /* URLSessionDataTaskProtocol.swift in Sources */,
				4EBFF6EB2869F9F900C435BE /* LocationWeatherViewModel.swift in Sources */,
				4E7C33DC2805A835006EBBE6 /* HomeViewController.swift in Sources */,
				4E8F908E28070863008E3BFA /* CityData.swift in Sources */,
				4E8F90862806DB16008E3BFA /* WeatherViewController.swift in Sources */,
				4EBA7CF1280B0FA30084B586 /* SettingsCell.swift in Sources */,
				4E50766E2822CA8E001B7E04 /* WeatherViewModel.swift in Sources */,
				4E91A0672816D03A00A37732 /* WeatherResponse.swift in Sources */,
				4EBCC7AD28364E6300BF57A6 /* WeatherHourlyModel.swift in Sources */,
				4E662AAE28520CAC00B60C36 /* SearchBarHeader.swift in Sources */,
				4E7C33D82805A835006EBBE6 /* AppDelegate.swift in Sources */,
				4E7C33DA2805A835006EBBE6 /* SceneDelegate.swift in Sources */,
				4E6801D2280725C200337997 /* SettingsViewController.swift in Sources */,
				4EBA7CF5280B12290084B586 /* SettingsCellViewModel.swift in Sources */,
				4EE8A047283FD22600902950 /* WindDirection.swift in Sources */,
				4EBCC7B32836976000BF57A6 /* WeatherDailyModel.swift in Sources */,
				4EBCC7A6283532FF00BF57A6 /* WeatherCityHeaderModel.swift in Sources */,
				4E91A06F2816D09D00A37732 /* AlertsResponse.swift in Sources */,
				4E6801D42807266400337997 /* SettingsView.swift in Sources */,
				4E91A0692816D05100A37732 /* MinutelyResponse.swift in Sources */,
				4E2BC2C128087E2B00018EB3 /* SettingsViewModel.swift in Sources */,
				4E5721782858C3EC00BE7E59 /* LocationService.swift in Sources */,
				4E91A0502816C75A00A37732 /* NetworkResponseError.swift in Sources */,
			);
			runOnlyForDeploymentPostprocessing = 0;
		};
		4E7C33E62805A839006EBBE6 /* Sources */ = {
			isa = PBXSourcesBuildPhase;
			buildActionMask = 2147483647;
			files = (
				4EDAF9612832DBEE00890D27 /* FakeURLSessionCoordinatesByLocationName.swift in Sources */,
				4E500BD0282EEB5700F2E006 /* FakeURL.swift in Sources */,
				4E8651E12833D4A400B883DD /* SettingsTests.swift in Sources */,
				4E4F6C32282D40EB007BAE62 /* FakeCities.swift in Sources */,
				4EDAF9632832DE6100890D27 /* GetCoordinatesByLocationNameTests.swift in Sources */,
				4E500BCE282EE35600F2E006 /* FakeURLSessionWeatherOneCall.swift in Sources */,
				4E50F7BD2832A3AB00E8AF32 /* URLsExcitesDataDecoderError.swift in Sources */,
				4E50F7B228327AF700E8AF32 /* GetWeatherOneCallTests.swift in Sources */,
				4E4F6C30282D40BD007BAE62 /* FakeWheather.swift in Sources */,
				4E500BD3282EED1000F2E006 /* FakeURLSessionDataTask.swift in Sources */,
				4E8651DF2833B73D00B883DD /* StorageTests.swift in Sources */,
				4E50F7BF2832B1D700E8AF32 /* URLsExcitesNilData.swift in Sources */,
				4E50F7BB2832A33B00E8AF32 /* URLsExcitesError.swift in Sources */,
				4E50F7B728329BC800E8AF32 /* URLsExcitesData.swift in Sources */,
				4E50F7B92832A2C600E8AF32 /* URLsExcitesResponseError.swift in Sources */,
				4E7C33EF2805A839006EBBE6 /* WeatherTests.swift in Sources */,
			);
			runOnlyForDeploymentPostprocessing = 0;
		};
		4E7C33F02805A839006EBBE6 /* Sources */ = {
			isa = PBXSourcesBuildPhase;
			buildActionMask = 2147483647;
			files = (
				4E7C33F92805A839006EBBE6 /* WeatherUITests.swift in Sources */,
				4E7C33FB2805A839006EBBE6 /* WeatherUITestsLaunchTests.swift in Sources */,
			);
			runOnlyForDeploymentPostprocessing = 0;
		};
/* End PBXSourcesBuildPhase section */

/* Begin PBXTargetDependency section */
		4E7C33EC2805A839006EBBE6 /* PBXTargetDependency */ = {
			isa = PBXTargetDependency;
			target = 4E7C33D32805A835006EBBE6 /* Weather */;
			targetProxy = 4E7C33EB2805A839006EBBE6 /* PBXContainerItemProxy */;
		};
		4E7C33F62805A839006EBBE6 /* PBXTargetDependency */ = {
			isa = PBXTargetDependency;
			target = 4E7C33D32805A835006EBBE6 /* Weather */;
			targetProxy = 4E7C33F52805A839006EBBE6 /* PBXContainerItemProxy */;
		};
/* End PBXTargetDependency section */

/* Begin PBXVariantGroup section */
		4E7C33E22805A838006EBBE6 /* LaunchScreen.storyboard */ = {
			isa = PBXVariantGroup;
			children = (
				4E7C33E32805A838006EBBE6 /* Base */,
			);
			name = LaunchScreen.storyboard;
			sourceTree = "<group>";
		};
/* End PBXVariantGroup section */

/* Begin XCBuildConfiguration section */
		4E7C33FC2805A839006EBBE6 /* Debug */ = {
			isa = XCBuildConfiguration;
			buildSettings = {
				ALWAYS_SEARCH_USER_PATHS = NO;
				CLANG_ANALYZER_NONNULL = YES;
				CLANG_ANALYZER_NUMBER_OBJECT_CONVERSION = YES_AGGRESSIVE;
				CLANG_CXX_LANGUAGE_STANDARD = "gnu++17";
				CLANG_CXX_LIBRARY = "libc++";
				CLANG_ENABLE_MODULES = YES;
				CLANG_ENABLE_OBJC_ARC = YES;
				CLANG_ENABLE_OBJC_WEAK = YES;
				CLANG_WARN_BLOCK_CAPTURE_AUTORELEASING = YES;
				CLANG_WARN_BOOL_CONVERSION = YES;
				CLANG_WARN_COMMA = YES;
				CLANG_WARN_CONSTANT_CONVERSION = YES;
				CLANG_WARN_DEPRECATED_OBJC_IMPLEMENTATIONS = YES;
				CLANG_WARN_DIRECT_OBJC_ISA_USAGE = YES_ERROR;
				CLANG_WARN_DOCUMENTATION_COMMENTS = YES;
				CLANG_WARN_EMPTY_BODY = YES;
				CLANG_WARN_ENUM_CONVERSION = YES;
				CLANG_WARN_INFINITE_RECURSION = YES;
				CLANG_WARN_INT_CONVERSION = YES;
				CLANG_WARN_NON_LITERAL_NULL_CONVERSION = YES;
				CLANG_WARN_OBJC_IMPLICIT_RETAIN_SELF = YES;
				CLANG_WARN_OBJC_LITERAL_CONVERSION = YES;
				CLANG_WARN_OBJC_ROOT_CLASS = YES_ERROR;
				CLANG_WARN_QUOTED_INCLUDE_IN_FRAMEWORK_HEADER = YES;
				CLANG_WARN_RANGE_LOOP_ANALYSIS = YES;
				CLANG_WARN_STRICT_PROTOTYPES = YES;
				CLANG_WARN_SUSPICIOUS_MOVE = YES;
				CLANG_WARN_UNGUARDED_AVAILABILITY = YES_AGGRESSIVE;
				CLANG_WARN_UNREACHABLE_CODE = YES;
				CLANG_WARN__DUPLICATE_METHOD_MATCH = YES;
				COPY_PHASE_STRIP = NO;
				DEBUG_INFORMATION_FORMAT = dwarf;
				ENABLE_STRICT_OBJC_MSGSEND = YES;
				ENABLE_TESTABILITY = YES;
				GCC_C_LANGUAGE_STANDARD = gnu11;
				GCC_DYNAMIC_NO_PIC = NO;
				GCC_NO_COMMON_BLOCKS = YES;
				GCC_OPTIMIZATION_LEVEL = 0;
				GCC_PREPROCESSOR_DEFINITIONS = (
					"DEBUG=1",
					"$(inherited)",
				);
				GCC_WARN_64_TO_32_BIT_CONVERSION = YES;
				GCC_WARN_ABOUT_RETURN_TYPE = YES_ERROR;
				GCC_WARN_UNDECLARED_SELECTOR = YES;
				GCC_WARN_UNINITIALIZED_AUTOS = YES_AGGRESSIVE;
				GCC_WARN_UNUSED_FUNCTION = YES;
				GCC_WARN_UNUSED_VARIABLE = YES;
				IPHONEOS_DEPLOYMENT_TARGET = 15.0;
				MTL_ENABLE_DEBUG_INFO = INCLUDE_SOURCE;
				MTL_FAST_MATH = YES;
				ONLY_ACTIVE_ARCH = YES;
				SDKROOT = iphoneos;
				SWIFT_ACTIVE_COMPILATION_CONDITIONS = DEBUG;
				SWIFT_OPTIMIZATION_LEVEL = "-Onone";
			};
			name = Debug;
		};
		4E7C33FD2805A839006EBBE6 /* Release */ = {
			isa = XCBuildConfiguration;
			buildSettings = {
				ALWAYS_SEARCH_USER_PATHS = NO;
				CLANG_ANALYZER_NONNULL = YES;
				CLANG_ANALYZER_NUMBER_OBJECT_CONVERSION = YES_AGGRESSIVE;
				CLANG_CXX_LANGUAGE_STANDARD = "gnu++17";
				CLANG_CXX_LIBRARY = "libc++";
				CLANG_ENABLE_MODULES = YES;
				CLANG_ENABLE_OBJC_ARC = YES;
				CLANG_ENABLE_OBJC_WEAK = YES;
				CLANG_WARN_BLOCK_CAPTURE_AUTORELEASING = YES;
				CLANG_WARN_BOOL_CONVERSION = YES;
				CLANG_WARN_COMMA = YES;
				CLANG_WARN_CONSTANT_CONVERSION = YES;
				CLANG_WARN_DEPRECATED_OBJC_IMPLEMENTATIONS = YES;
				CLANG_WARN_DIRECT_OBJC_ISA_USAGE = YES_ERROR;
				CLANG_WARN_DOCUMENTATION_COMMENTS = YES;
				CLANG_WARN_EMPTY_BODY = YES;
				CLANG_WARN_ENUM_CONVERSION = YES;
				CLANG_WARN_INFINITE_RECURSION = YES;
				CLANG_WARN_INT_CONVERSION = YES;
				CLANG_WARN_NON_LITERAL_NULL_CONVERSION = YES;
				CLANG_WARN_OBJC_IMPLICIT_RETAIN_SELF = YES;
				CLANG_WARN_OBJC_LITERAL_CONVERSION = YES;
				CLANG_WARN_OBJC_ROOT_CLASS = YES_ERROR;
				CLANG_WARN_QUOTED_INCLUDE_IN_FRAMEWORK_HEADER = YES;
				CLANG_WARN_RANGE_LOOP_ANALYSIS = YES;
				CLANG_WARN_STRICT_PROTOTYPES = YES;
				CLANG_WARN_SUSPICIOUS_MOVE = YES;
				CLANG_WARN_UNGUARDED_AVAILABILITY = YES_AGGRESSIVE;
				CLANG_WARN_UNREACHABLE_CODE = YES;
				CLANG_WARN__DUPLICATE_METHOD_MATCH = YES;
				COPY_PHASE_STRIP = NO;
				DEBUG_INFORMATION_FORMAT = "dwarf-with-dsym";
				ENABLE_NS_ASSERTIONS = NO;
				ENABLE_STRICT_OBJC_MSGSEND = YES;
				GCC_C_LANGUAGE_STANDARD = gnu11;
				GCC_NO_COMMON_BLOCKS = YES;
				GCC_WARN_64_TO_32_BIT_CONVERSION = YES;
				GCC_WARN_ABOUT_RETURN_TYPE = YES_ERROR;
				GCC_WARN_UNDECLARED_SELECTOR = YES;
				GCC_WARN_UNINITIALIZED_AUTOS = YES_AGGRESSIVE;
				GCC_WARN_UNUSED_FUNCTION = YES;
				GCC_WARN_UNUSED_VARIABLE = YES;
				IPHONEOS_DEPLOYMENT_TARGET = 15.0;
				MTL_ENABLE_DEBUG_INFO = NO;
				MTL_FAST_MATH = YES;
				SDKROOT = iphoneos;
				SWIFT_COMPILATION_MODE = wholemodule;
				SWIFT_OPTIMIZATION_LEVEL = "-O";
				VALIDATE_PRODUCT = YES;
			};
			name = Release;
		};
		4E7C33FF2805A839006EBBE6 /* Debug */ = {
			isa = XCBuildConfiguration;
			buildSettings = {
				ASSETCATALOG_COMPILER_APPICON_NAME = AppIcon;
				ASSETCATALOG_COMPILER_GLOBAL_ACCENT_COLOR_NAME = AccentColor;
				CODE_SIGN_STYLE = Automatic;
				CURRENT_PROJECT_VERSION = 1;
				DEVELOPMENT_TEAM = 8532FW2M88;
				GCC_OPTIMIZATION_LEVEL = fast;
				GENERATE_INFOPLIST_FILE = YES;
				INFOPLIST_FILE = Weather/Info.plist;
				INFOPLIST_KEY_UIApplicationSupportsIndirectInputEvents = YES;
				INFOPLIST_KEY_UILaunchStoryboardName = LaunchScreen;
				INFOPLIST_KEY_UISupportedInterfaceOrientations = UIInterfaceOrientationPortrait;
				INFOPLIST_KEY_UISupportedInterfaceOrientations_iPad = "UIInterfaceOrientationPortrait UIInterfaceOrientationPortraitUpsideDown UIInterfaceOrientationLandscapeLeft UIInterfaceOrientationLandscapeRight";
				INFOPLIST_KEY_UISupportedInterfaceOrientations_iPhone = "UIInterfaceOrientationPortrait UIInterfaceOrientationLandscapeLeft UIInterfaceOrientationLandscapeRight";
				LD_RUNPATH_SEARCH_PATHS = (
					"$(inherited)",
					"@executable_path/Frameworks",
				);
				MARKETING_VERSION = 1.0;
				PRODUCT_BUNDLE_IDENTIFIER = com.Vladimir.Lesnykh.Weather;
				PRODUCT_NAME = "$(TARGET_NAME)";
				SWIFT_EMIT_LOC_STRINGS = YES;
				SWIFT_VERSION = 5.0;
				TARGETED_DEVICE_FAMILY = 1;
			};
			name = Debug;
		};
		4E7C34002805A839006EBBE6 /* Release */ = {
			isa = XCBuildConfiguration;
			buildSettings = {
				ASSETCATALOG_COMPILER_APPICON_NAME = AppIcon;
				ASSETCATALOG_COMPILER_GLOBAL_ACCENT_COLOR_NAME = AccentColor;
				CODE_SIGN_STYLE = Automatic;
				CURRENT_PROJECT_VERSION = 1;
				DEVELOPMENT_TEAM = 8532FW2M88;
				GCC_OPTIMIZATION_LEVEL = fast;
				GENERATE_INFOPLIST_FILE = YES;
				INFOPLIST_FILE = Weather/Info.plist;
				INFOPLIST_KEY_UIApplicationSupportsIndirectInputEvents = YES;
				INFOPLIST_KEY_UILaunchStoryboardName = LaunchScreen;
				INFOPLIST_KEY_UISupportedInterfaceOrientations = UIInterfaceOrientationPortrait;
				INFOPLIST_KEY_UISupportedInterfaceOrientations_iPad = "UIInterfaceOrientationPortrait UIInterfaceOrientationPortraitUpsideDown UIInterfaceOrientationLandscapeLeft UIInterfaceOrientationLandscapeRight";
				INFOPLIST_KEY_UISupportedInterfaceOrientations_iPhone = "UIInterfaceOrientationPortrait UIInterfaceOrientationLandscapeLeft UIInterfaceOrientationLandscapeRight";
				LD_RUNPATH_SEARCH_PATHS = (
					"$(inherited)",
					"@executable_path/Frameworks",
				);
				MARKETING_VERSION = 1.0;
				PRODUCT_BUNDLE_IDENTIFIER = com.Vladimir.Lesnykh.Weather;
				PRODUCT_NAME = "$(TARGET_NAME)";
				SWIFT_COMPILATION_MODE = singlefile;
				SWIFT_EMIT_LOC_STRINGS = YES;
				SWIFT_VERSION = 5.0;
				TARGETED_DEVICE_FAMILY = 1;
			};
			name = Release;
		};
		4E7C34022805A839006EBBE6 /* Debug */ = {
			isa = XCBuildConfiguration;
			buildSettings = {
				ALWAYS_EMBED_SWIFT_STANDARD_LIBRARIES = YES;
				BUNDLE_LOADER = "$(TEST_HOST)";
				CODE_SIGN_STYLE = Automatic;
				CURRENT_PROJECT_VERSION = 1;
				DEVELOPMENT_TEAM = 8532FW2M88;
				GENERATE_INFOPLIST_FILE = YES;
				IPHONEOS_DEPLOYMENT_TARGET = 15.2;
				MARKETING_VERSION = 1.0;
				PRODUCT_BUNDLE_IDENTIFIER = com.Vladimir.Lesnykh.WeatherTests;
				PRODUCT_NAME = "$(TARGET_NAME)";
				SWIFT_EMIT_LOC_STRINGS = NO;
				SWIFT_VERSION = 5.0;
				TARGETED_DEVICE_FAMILY = "1,2";
				TEST_HOST = "$(BUILT_PRODUCTS_DIR)/Weather.app/Weather";
			};
			name = Debug;
		};
		4E7C34032805A839006EBBE6 /* Release */ = {
			isa = XCBuildConfiguration;
			buildSettings = {
				ALWAYS_EMBED_SWIFT_STANDARD_LIBRARIES = YES;
				BUNDLE_LOADER = "$(TEST_HOST)";
				CODE_SIGN_STYLE = Automatic;
				CURRENT_PROJECT_VERSION = 1;
				DEVELOPMENT_TEAM = 8532FW2M88;
				GENERATE_INFOPLIST_FILE = YES;
				IPHONEOS_DEPLOYMENT_TARGET = 15.2;
				MARKETING_VERSION = 1.0;
				PRODUCT_BUNDLE_IDENTIFIER = com.Vladimir.Lesnykh.WeatherTests;
				PRODUCT_NAME = "$(TARGET_NAME)";
				SWIFT_EMIT_LOC_STRINGS = NO;
				SWIFT_VERSION = 5.0;
				TARGETED_DEVICE_FAMILY = "1,2";
				TEST_HOST = "$(BUILT_PRODUCTS_DIR)/Weather.app/Weather";
			};
			name = Release;
		};
		4E7C34052805A839006EBBE6 /* Debug */ = {
			isa = XCBuildConfiguration;
			buildSettings = {
				ALWAYS_EMBED_SWIFT_STANDARD_LIBRARIES = YES;
				CODE_SIGN_STYLE = Automatic;
				CURRENT_PROJECT_VERSION = 1;
				DEVELOPMENT_TEAM = 8532FW2M88;
				GENERATE_INFOPLIST_FILE = YES;
				MARKETING_VERSION = 1.0;
				PRODUCT_BUNDLE_IDENTIFIER = com.Vladimir.Lesnykh.WeatherUITests;
				PRODUCT_NAME = "$(TARGET_NAME)";
				SWIFT_EMIT_LOC_STRINGS = NO;
				SWIFT_VERSION = 5.0;
				TARGETED_DEVICE_FAMILY = "1,2";
				TEST_TARGET_NAME = Weather;
			};
			name = Debug;
		};
		4E7C34062805A839006EBBE6 /* Release */ = {
			isa = XCBuildConfiguration;
			buildSettings = {
				ALWAYS_EMBED_SWIFT_STANDARD_LIBRARIES = YES;
				CODE_SIGN_STYLE = Automatic;
				CURRENT_PROJECT_VERSION = 1;
				DEVELOPMENT_TEAM = 8532FW2M88;
				GENERATE_INFOPLIST_FILE = YES;
				MARKETING_VERSION = 1.0;
				PRODUCT_BUNDLE_IDENTIFIER = com.Vladimir.Lesnykh.WeatherUITests;
				PRODUCT_NAME = "$(TARGET_NAME)";
				SWIFT_EMIT_LOC_STRINGS = NO;
				SWIFT_VERSION = 5.0;
				TARGETED_DEVICE_FAMILY = "1,2";
				TEST_TARGET_NAME = Weather;
			};
			name = Release;
		};
/* End XCBuildConfiguration section */

/* Begin XCConfigurationList section */
		4E7C33CF2805A835006EBBE6 /* Build configuration list for PBXProject "Weather" */ = {
			isa = XCConfigurationList;
			buildConfigurations = (
				4E7C33FC2805A839006EBBE6 /* Debug */,
				4E7C33FD2805A839006EBBE6 /* Release */,
			);
			defaultConfigurationIsVisible = 0;
			defaultConfigurationName = Release;
		};
		4E7C33FE2805A839006EBBE6 /* Build configuration list for PBXNativeTarget "Weather" */ = {
			isa = XCConfigurationList;
			buildConfigurations = (
				4E7C33FF2805A839006EBBE6 /* Debug */,
				4E7C34002805A839006EBBE6 /* Release */,
			);
			defaultConfigurationIsVisible = 0;
			defaultConfigurationName = Release;
		};
		4E7C34012805A839006EBBE6 /* Build configuration list for PBXNativeTarget "WeatherTests" */ = {
			isa = XCConfigurationList;
			buildConfigurations = (
				4E7C34022805A839006EBBE6 /* Debug */,
				4E7C34032805A839006EBBE6 /* Release */,
			);
			defaultConfigurationIsVisible = 0;
			defaultConfigurationName = Release;
		};
		4E7C34042805A839006EBBE6 /* Build configuration list for PBXNativeTarget "WeatherUITests" */ = {
			isa = XCConfigurationList;
			buildConfigurations = (
				4E7C34052805A839006EBBE6 /* Debug */,
				4E7C34062805A839006EBBE6 /* Release */,
			);
			defaultConfigurationIsVisible = 0;
			defaultConfigurationName = Release;
		};
/* End XCConfigurationList section */
	};
	rootObject = 4E7C33CC2805A835006EBBE6 /* Project object */;
}
